// !$*UTF8*$!
{
	archiveVersion = 1;
	classes = {
	};
	objectVersion = 46;
	objects = {

/* Begin PBXBuildFile section */
		9D47A0C51C311C3B00DC2AB6 /* main.m in Sources */ = {isa = PBXBuildFile; fileRef = 9D47A0C41C311C3B00DC2AB6 /* main.m */; };
		9D47A0C81C311C3B00DC2AB6 /* AppDelegate.m in Sources */ = {isa = PBXBuildFile; fileRef = 9D47A0C71C311C3B00DC2AB6 /* AppDelegate.m */; };
		9D47A0CB1C311C3B00DC2AB6 /* ViewController.m in Sources */ = {isa = PBXBuildFile; fileRef = 9D47A0CA1C311C3B00DC2AB6 /* ViewController.m */; };
		9D47A0CE1C311C3B00DC2AB6 /* Main.storyboard in Resources */ = {isa = PBXBuildFile; fileRef = 9D47A0CC1C311C3B00DC2AB6 /* Main.storyboard */; };
		9D47A0D01C311C3B00DC2AB6 /* Assets.xcassets in Resources */ = {isa = PBXBuildFile; fileRef = 9D47A0CF1C311C3B00DC2AB6 /* Assets.xcassets */; };
		9D47A0D31C311C3B00DC2AB6 /* LaunchScreen.storyboard in Resources */ = {isa = PBXBuildFile; fileRef = 9D47A0D11C311C3B00DC2AB6 /* LaunchScreen.storyboard */; };
		9D47A0DE1C311C3B00DC2AB6 /* LKDBHelper_SQLCipherTests.m in Sources */ = {isa = PBXBuildFile; fileRef = 9D47A0DD1C311C3B00DC2AB6 /* LKDBHelper_SQLCipherTests.m */; };
		9D47A0E91C311C3B00DC2AB6 /* LKDBHelper_SQLCipherUITests.m in Sources */ = {isa = PBXBuildFile; fileRef = 9D47A0E81C311C3B00DC2AB6 /* LKDBHelper_SQLCipherUITests.m */; };
/* End PBXBuildFile section */

/* Begin PBXContainerItemProxy section */
		9D47A0DA1C311C3B00DC2AB6 /* PBXContainerItemProxy */ = {
			isa = PBXContainerItemProxy;
			containerPortal = 9D47A0B81C311C3B00DC2AB6 /* Project object */;
			proxyType = 1;
			remoteGlobalIDString = 9D47A0BF1C311C3B00DC2AB6;
			remoteInfo = "LKDBHelper-SQLCipher";
		};
		9D47A0E51C311C3B00DC2AB6 /* PBXContainerItemProxy */ = {
			isa = PBXContainerItemProxy;
			containerPortal = 9D47A0B81C311C3B00DC2AB6 /* Project object */;
			proxyType = 1;
			remoteGlobalIDString = 9D47A0BF1C311C3B00DC2AB6;
			remoteInfo = "LKDBHelper-SQLCipher";
		};
/* End PBXContainerItemProxy section */

/* Begin PBXFileReference section */
		9D47A0C01C311C3B00DC2AB6 /* LKDBHelper-SQLCipher.app */ = {isa = PBXFileReference; explicitFileType = wrapper.application; includeInIndex = 0; path = "LKDBHelper-SQLCipher.app"; sourceTree = BUILT_PRODUCTS_DIR; };
		9D47A0C41C311C3B00DC2AB6 /* main.m */ = {isa = PBXFileReference; lastKnownFileType = sourcecode.c.objc; path = main.m; sourceTree = "<group>"; };
		9D47A0C61C311C3B00DC2AB6 /* AppDelegate.h */ = {isa = PBXFileReference; lastKnownFileType = sourcecode.c.h; path = AppDelegate.h; sourceTree = "<group>"; };
		9D47A0C71C311C3B00DC2AB6 /* AppDelegate.m */ = {isa = PBXFileReference; lastKnownFileType = sourcecode.c.objc; path = AppDelegate.m; sourceTree = "<group>"; };
		9D47A0C91C311C3B00DC2AB6 /* ViewController.h */ = {isa = PBXFileReference; lastKnownFileType = sourcecode.c.h; path = ViewController.h; sourceTree = "<group>"; };
		9D47A0CA1C311C3B00DC2AB6 /* ViewController.m */ = {isa = PBXFileReference; lastKnownFileType = sourcecode.c.objc; path = ViewController.m; sourceTree = "<group>"; };
		9D47A0CD1C311C3B00DC2AB6 /* Base */ = {isa = PBXFileReference; lastKnownFileType = file.storyboard; name = Base; path = Base.lproj/Main.storyboard; sourceTree = "<group>"; };
		9D47A0CF1C311C3B00DC2AB6 /* Assets.xcassets */ = {isa = PBXFileReference; lastKnownFileType = folder.assetcatalog; path = Assets.xcassets; sourceTree = "<group>"; };
		9D47A0D21C311C3B00DC2AB6 /* Base */ = {isa = PBXFileReference; lastKnownFileType = file.storyboard; name = Base; path = Base.lproj/LaunchScreen.storyboard; sourceTree = "<group>"; };
		9D47A0D41C311C3B00DC2AB6 /* Info.plist */ = {isa = PBXFileReference; lastKnownFileType = text.plist.xml; path = Info.plist; sourceTree = "<group>"; };
		9D47A0D91C311C3B00DC2AB6 /* LKDBHelper-SQLCipherTests.xctest */ = {isa = PBXFileReference; explicitFileType = wrapper.cfbundle; includeInIndex = 0; path = "LKDBHelper-SQLCipherTests.xctest"; sourceTree = BUILT_PRODUCTS_DIR; };
		9D47A0DD1C311C3B00DC2AB6 /* LKDBHelper_SQLCipherTests.m */ = {isa = PBXFileReference; lastKnownFileType = sourcecode.c.objc; path = LKDBHelper_SQLCipherTests.m; sourceTree = "<group>"; };
		9D47A0DF1C311C3B00DC2AB6 /* Info.plist */ = {isa = PBXFileReference; lastKnownFileType = text.plist.xml; path = Info.plist; sourceTree = "<group>"; };
		9D47A0E41C311C3B00DC2AB6 /* LKDBHelper-SQLCipherUITests.xctest */ = {isa = PBXFileReference; explicitFileType = wrapper.cfbundle; includeInIndex = 0; path = "LKDBHelper-SQLCipherUITests.xctest"; sourceTree = BUILT_PRODUCTS_DIR; };
		9D47A0E81C311C3B00DC2AB6 /* LKDBHelper_SQLCipherUITests.m */ = {isa = PBXFileReference; lastKnownFileType = sourcecode.c.objc; path = LKDBHelper_SQLCipherUITests.m; sourceTree = "<group>"; };
		9D47A0EA1C311C3B00DC2AB6 /* Info.plist */ = {isa = PBXFileReference; lastKnownFileType = text.plist.xml; path = Info.plist; sourceTree = "<group>"; };
/* End PBXFileReference section */

/* Begin PBXFrameworksBuildPhase section */
		9D47A0BD1C311C3B00DC2AB6 /* Frameworks */ = {
			isa = PBXFrameworksBuildPhase;
			buildActionMask = 2147483647;
			files = (
			);
			runOnlyForDeploymentPostprocessing = 0;
		};
		9D47A0D61C311C3B00DC2AB6 /* Frameworks */ = {
			isa = PBXFrameworksBuildPhase;
			buildActionMask = 2147483647;
			files = (
			);
			runOnlyForDeploymentPostprocessing = 0;
		};
		9D47A0E11C311C3B00DC2AB6 /* Frameworks */ = {
			isa = PBXFrameworksBuildPhase;
			buildActionMask = 2147483647;
			files = (
			);
			runOnlyForDeploymentPostprocessing = 0;
		};
/* End PBXFrameworksBuildPhase section */

/* Begin PBXGroup section */
		9D47A0B71C311C3B00DC2AB6 = {
			isa = PBXGroup;
			children = (
				9D47A0C21C311C3B00DC2AB6 /* LKDBHelper-SQLCipher */,
				9D47A0DC1C311C3B00DC2AB6 /* LKDBHelper-SQLCipherTests */,
				9D47A0E71C311C3B00DC2AB6 /* LKDBHelper-SQLCipherUITests */,
				9D47A0C11C311C3B00DC2AB6 /* Products */,
			);
			sourceTree = "<group>";
		};
		9D47A0C11C311C3B00DC2AB6 /* Products */ = {
			isa = PBXGroup;
			children = (
				9D47A0C01C311C3B00DC2AB6 /* LKDBHelper-SQLCipher.app */,
				9D47A0D91C311C3B00DC2AB6 /* LKDBHelper-SQLCipherTests.xctest */,
				9D47A0E41C311C3B00DC2AB6 /* LKDBHelper-SQLCipherUITests.xctest */,
			);
			name = Products;
			sourceTree = "<group>";
		};
		9D47A0C21C311C3B00DC2AB6 /* LKDBHelper-SQLCipher */ = {
			isa = PBXGroup;
			children = (
				9D47A0C61C311C3B00DC2AB6 /* AppDelegate.h */,
				9D47A0C71C311C3B00DC2AB6 /* AppDelegate.m */,
				9D47A0C91C311C3B00DC2AB6 /* ViewController.h */,
				9D47A0CA1C311C3B00DC2AB6 /* ViewController.m */,
				9D47A0CC1C311C3B00DC2AB6 /* Main.storyboard */,
				9D47A0CF1C311C3B00DC2AB6 /* Assets.xcassets */,
				9D47A0D11C311C3B00DC2AB6 /* LaunchScreen.storyboard */,
				9D47A0D41C311C3B00DC2AB6 /* Info.plist */,
				9D47A0C31C311C3B00DC2AB6 /* Supporting Files */,
			);
			path = "LKDBHelper-SQLCipher";
			sourceTree = "<group>";
		};
		9D47A0C31C311C3B00DC2AB6 /* Supporting Files */ = {
			isa = PBXGroup;
			children = (
				9D47A0C41C311C3B00DC2AB6 /* main.m */,
			);
			name = "Supporting Files";
			sourceTree = "<group>";
		};
		9D47A0DC1C311C3B00DC2AB6 /* LKDBHelper-SQLCipherTests */ = {
			isa = PBXGroup;
			children = (
				9D47A0DD1C311C3B00DC2AB6 /* LKDBHelper_SQLCipherTests.m */,
				9D47A0DF1C311C3B00DC2AB6 /* Info.plist */,
			);
			path = "LKDBHelper-SQLCipherTests";
			sourceTree = "<group>";
		};
		9D47A0E71C311C3B00DC2AB6 /* LKDBHelper-SQLCipherUITests */ = {
			isa = PBXGroup;
			children = (
				9D47A0E81C311C3B00DC2AB6 /* LKDBHelper_SQLCipherUITests.m */,
				9D47A0EA1C311C3B00DC2AB6 /* Info.plist */,
			);
			path = "LKDBHelper-SQLCipherUITests";
			sourceTree = "<group>";
		};
/* End PBXGroup section */

/* Begin PBXNativeTarget section */
		9D47A0BF1C311C3B00DC2AB6 /* LKDBHelper-SQLCipher */ = {
			isa = PBXNativeTarget;
			buildConfigurationList = 9D47A0ED1C311C3B00DC2AB6 /* Build configuration list for PBXNativeTarget "LKDBHelper-SQLCipher" */;
			buildPhases = (
				9D47A0BC1C311C3B00DC2AB6 /* Sources */,
				9D47A0BD1C311C3B00DC2AB6 /* Frameworks */,
				9D47A0BE1C311C3B00DC2AB6 /* Resources */,
			);
			buildRules = (
			);
			dependencies = (
			);
			name = "LKDBHelper-SQLCipher";
			productName = "LKDBHelper-SQLCipher";
			productReference = 9D47A0C01C311C3B00DC2AB6 /* LKDBHelper-SQLCipher.app */;
			productType = "com.apple.product-type.application";
		};
		9D47A0D81C311C3B00DC2AB6 /* LKDBHelper-SQLCipherTests */ = {
			isa = PBXNativeTarget;
			buildConfigurationList = 9D47A0F01C311C3B00DC2AB6 /* Build configuration list for PBXNativeTarget "LKDBHelper-SQLCipherTests" */;
			buildPhases = (
				9D47A0D51C311C3B00DC2AB6 /* Sources */,
				9D47A0D61C311C3B00DC2AB6 /* Frameworks */,
				9D47A0D71C311C3B00DC2AB6 /* Resources */,
			);
			buildRules = (
			);
			dependencies = (
				9D47A0DB1C311C3B00DC2AB6 /* PBXTargetDependency */,
			);
			name = "LKDBHelper-SQLCipherTests";
			productName = "LKDBHelper-SQLCipherTests";
			productReference = 9D47A0D91C311C3B00DC2AB6 /* LKDBHelper-SQLCipherTests.xctest */;
			productType = "com.apple.product-type.bundle.unit-test";
		};
		9D47A0E31C311C3B00DC2AB6 /* LKDBHelper-SQLCipherUITests */ = {
			isa = PBXNativeTarget;
			buildConfigurationList = 9D47A0F31C311C3B00DC2AB6 /* Build configuration list for PBXNativeTarget "LKDBHelper-SQLCipherUITests" */;
			buildPhases = (
				9D47A0E01C311C3B00DC2AB6 /* Sources */,
				9D47A0E11C311C3B00DC2AB6 /* Frameworks */,
				9D47A0E21C311C3B00DC2AB6 /* Resources */,
			);
			buildRules = (
			);
			dependencies = (
				9D47A0E61C311C3B00DC2AB6 /* PBXTargetDependency */,
			);
			name = "LKDBHelper-SQLCipherUITests";
			productName = "LKDBHelper-SQLCipherUITests";
			productReference = 9D47A0E41C311C3B00DC2AB6 /* LKDBHelper-SQLCipherUITests.xctest */;
			productType = "com.apple.product-type.bundle.ui-testing";
		};
/* End PBXNativeTarget section */

/* Begin PBXProject section */
		9D47A0B81C311C3B00DC2AB6 /* Project object */ = {
			isa = PBXProject;
			attributes = {
				LastUpgradeCheck = 0720;
				ORGANIZATIONNAME = razeen;
				TargetAttributes = {
					9D47A0BF1C311C3B00DC2AB6 = {
						CreatedOnToolsVersion = 7.2;
					};
					9D47A0D81C311C3B00DC2AB6 = {
						CreatedOnToolsVersion = 7.2;
						TestTargetID = 9D47A0BF1C311C3B00DC2AB6;
					};
					9D47A0E31C311C3B00DC2AB6 = {
						CreatedOnToolsVersion = 7.2;
						TestTargetID = 9D47A0BF1C311C3B00DC2AB6;
					};
				};
			};
			buildConfigurationList = 9D47A0BB1C311C3B00DC2AB6 /* Build configuration list for PBXProject "LKDBHelper-SQLCipher" */;
			compatibilityVersion = "Xcode 3.2";
			developmentRegion = English;
			hasScannedForEncodings = 0;
			knownRegions = (
				en,
				Base,
			);
			mainGroup = 9D47A0B71C311C3B00DC2AB6;
			productRefGroup = 9D47A0C11C311C3B00DC2AB6 /* Products */;
			projectDirPath = "";
			projectRoot = "";
			targets = (
				9D47A0BF1C311C3B00DC2AB6 /* LKDBHelper-SQLCipher */,
				9D47A0D81C311C3B00DC2AB6 /* LKDBHelper-SQLCipherTests */,
				9D47A0E31C311C3B00DC2AB6 /* LKDBHelper-SQLCipherUITests */,
			);
		};
/* End PBXProject section */

/* Begin PBXResourcesBuildPhase section */
		9D47A0BE1C311C3B00DC2AB6 /* Resources */ = {
			isa = PBXResourcesBuildPhase;
			buildActionMask = 2147483647;
			files = (
				9D47A0D31C311C3B00DC2AB6 /* LaunchScreen.storyboard in Resources */,
				9D47A0D01C311C3B00DC2AB6 /* Assets.xcassets in Resources */,
				9D47A0CE1C311C3B00DC2AB6 /* Main.storyboard in Resources */,
			);
			runOnlyForDeploymentPostprocessing = 0;
		};
		9D47A0D71C311C3B00DC2AB6 /* Resources */ = {
			isa = PBXResourcesBuildPhase;
			buildActionMask = 2147483647;
			files = (
			);
			runOnlyForDeploymentPostprocessing = 0;
		};
		9D47A0E21C311C3B00DC2AB6 /* Resources */ = {
			isa = PBXResourcesBuildPhase;
			buildActionMask = 2147483647;
			files = (
			);
			runOnlyForDeploymentPostprocessing = 0;
		};
/* End PBXResourcesBuildPhase section */

/* Begin PBXSourcesBuildPhase section */
		9D47A0BC1C311C3B00DC2AB6 /* Sources */ = {
			isa = PBXSourcesBuildPhase;
			buildActionMask = 2147483647;
			files = (
				9D47A0CB1C311C3B00DC2AB6 /* ViewController.m in Sources */,
				9D47A0C81C311C3B00DC2AB6 /* AppDelegate.m in Sources */,
				9D47A0C51C311C3B00DC2AB6 /* main.m in Sources */,
			);
			runOnlyForDeploymentPostprocessing = 0;
		};
		9D47A0D51C311C3B00DC2AB6 /* Sources */ = {
			isa = PBXSourcesBuildPhase;
			buildActionMask = 2147483647;
			files = (
				9D47A0DE1C311C3B00DC2AB6 /* LKDBHelper_SQLCipherTests.m in Sources */,
			);
			runOnlyForDeploymentPostprocessing = 0;
		};
		9D47A0E01C311C3B00DC2AB6 /* Sources */ = {
			isa = PBXSourcesBuildPhase;
			buildActionMask = 2147483647;
			files = (
				9D47A0E91C311C3B00DC2AB6 /* LKDBHelper_SQLCipherUITests.m in Sources */,
			);
			runOnlyForDeploymentPostprocessing = 0;
		};
/* End PBXSourcesBuildPhase section */

/* Begin PBXTargetDependency section */
		9D47A0DB1C311C3B00DC2AB6 /* PBXTargetDependency */ = {
			isa = PBXTargetDependency;
			target = 9D47A0BF1C311C3B00DC2AB6 /* LKDBHelper-SQLCipher */;
			targetProxy = 9D47A0DA1C311C3B00DC2AB6 /* PBXContainerItemProxy */;
		};
		9D47A0E61C311C3B00DC2AB6 /* PBXTargetDependency */ = {
			isa = PBXTargetDependency;
			target = 9D47A0BF1C311C3B00DC2AB6 /* LKDBHelper-SQLCipher */;
			targetProxy = 9D47A0E51C311C3B00DC2AB6 /* PBXContainerItemProxy */;
		};
/* End PBXTargetDependency section */

/* Begin PBXVariantGroup section */
		9D47A0CC1C311C3B00DC2AB6 /* Main.storyboard */ = {
			isa = PBXVariantGroup;
			children = (
				9D47A0CD1C311C3B00DC2AB6 /* Base */,
			);
			name = Main.storyboard;
			sourceTree = "<group>";
		};
		9D47A0D11C311C3B00DC2AB6 /* LaunchScreen.storyboard */ = {
			isa = PBXVariantGroup;
			children = (
				9D47A0D21C311C3B00DC2AB6 /* Base */,
			);
			name = LaunchScreen.storyboard;
			sourceTree = "<group>";
		};
/* End PBXVariantGroup section */

/* Begin XCBuildConfiguration section */
		9D47A0EB1C311C3B00DC2AB6 /* Debug */ = {
			isa = XCBuildConfiguration;
			buildSettings = {
				ALWAYS_SEARCH_USER_PATHS = NO;
				CLANG_CXX_LANGUAGE_STANDARD = "gnu++0x";
				CLANG_CXX_LIBRARY = "libc++";
				CLANG_ENABLE_MODULES = YES;
				CLANG_ENABLE_OBJC_ARC = YES;
				CLANG_WARN_BOOL_CONVERSION = YES;
				CLANG_WARN_CONSTANT_CONVERSION = YES;
				CLANG_WARN_DIRECT_OBJC_ISA_USAGE = YES_ERROR;
				CLANG_WARN_EMPTY_BODY = YES;
				CLANG_WARN_ENUM_CONVERSION = YES;
				CLANG_WARN_INT_CONVERSION = YES;
				CLANG_WARN_OBJC_ROOT_CLASS = YES_ERROR;
				CLANG_WARN_UNREACHABLE_CODE = YES;
				CLANG_WARN__DUPLICATE_METHOD_MATCH = YES;
				"CODE_SIGN_IDENTITY[sdk=iphoneos*]" = "iPhone Developer";
				COPY_PHASE_STRIP = NO;
				DEBUG_INFORMATION_FORMAT = dwarf;
				ENABLE_STRICT_OBJC_MSGSEND = YES;
				ENABLE_TESTABILITY = YES;
				GCC_C_LANGUAGE_STANDARD = gnu99;
				GCC_DYNAMIC_NO_PIC = NO;
				GCC_NO_COMMON_BLOCKS = YES;
				GCC_OPTIMIZATION_LEVEL = 0;
				GCC_PREPROCESSOR_DEFINITIONS = (
					"DEBUG=1",
					"$(inherited)",
				);
				GCC_WARN_64_TO_32_BIT_CONVERSION = YES;
				GCC_WARN_ABOUT_RETURN_TYPE = YES_ERROR;
				GCC_WARN_UNDECLARED_SELECTOR = YES;
				GCC_WARN_UNINITIALIZED_AUTOS = YES_AGGRESSIVE;
				GCC_WARN_UNUSED_FUNCTION = YES;
				GCC_WARN_UNUSED_VARIABLE = YES;
				IPHONEOS_DEPLOYMENT_TARGET = 9.2;
				MTL_ENABLE_DEBUG_INFO = YES;
				ONLY_ACTIVE_ARCH = YES;
				SDKROOT = iphoneos;
				TARGETED_DEVICE_FAMILY = "1,2";
			};
			name = Debug;
		};
		9D47A0EC1C311C3B00DC2AB6 /* Release */ = {
			isa = XCBuildConfiguration;
			buildSettings = {
				ALWAYS_SEARCH_USER_PATHS = NO;
				CLANG_CXX_LANGUAGE_STANDARD = "gnu++0x";
				CLANG_CXX_LIBRARY = "libc++";
				CLANG_ENABLE_MODULES = YES;
				CLANG_ENABLE_OBJC_ARC = YES;
				CLANG_WARN_BOOL_CONVERSION = YES;
				CLANG_WARN_CONSTANT_CONVERSION = YES;
				CLANG_WARN_DIRECT_OBJC_ISA_USAGE = YES_ERROR;
				CLANG_WARN_EMPTY_BODY = YES;
				CLANG_WARN_ENUM_CONVERSION = YES;
				CLANG_WARN_INT_CONVERSION = YES;
				CLANG_WARN_OBJC_ROOT_CLASS = YES_ERROR;
				CLANG_WARN_UNREACHABLE_CODE = YES;
				CLANG_WARN__DUPLICATE_METHOD_MATCH = YES;
				"CODE_SIGN_IDENTITY[sdk=iphoneos*]" = "iPhone Developer";
				COPY_PHASE_STRIP = NO;
				DEBUG_INFORMATION_FORMAT = "dwarf-with-dsym";
				ENABLE_NS_ASSERTIONS = NO;
				ENABLE_STRICT_OBJC_MSGSEND = YES;
				GCC_C_LANGUAGE_STANDARD = gnu99;
				GCC_NO_COMMON_BLOCKS = YES;
				GCC_WARN_64_TO_32_BIT_CONVERSION = YES;
				GCC_WARN_ABOUT_RETURN_TYPE = YES_ERROR;
				GCC_WARN_UNDECLARED_SELECTOR = YES;
				GCC_WARN_UNINITIALIZED_AUTOS = YES_AGGRESSIVE;
				GCC_WARN_UNUSED_FUNCTION = YES;
				GCC_WARN_UNUSED_VARIABLE = YES;
				IPHONEOS_DEPLOYMENT_TARGET = 9.2;
				MTL_ENABLE_DEBUG_INFO = NO;
				SDKROOT = iphoneos;
				TARGETED_DEVICE_FAMILY = "1,2";
				VALIDATE_PRODUCT = YES;
			};
			name = Release;
		};
		9D47A0EE1C311C3B00DC2AB6 /* Debug */ = {
			isa = XCBuildConfiguration;
			buildSettings = {
				ASSETCATALOG_COMPILER_APPICON_NAME = AppIcon;
				INFOPLIST_FILE = "LKDBHelper-SQLCipher/Info.plist";
				LD_RUNPATH_SEARCH_PATHS = "$(inherited) @executable_path/Frameworks";
				PRODUCT_BUNDLE_IDENTIFIER = "TrustAsia.LKDBHelper-SQLCipher";
				PRODUCT_NAME = "$(TARGET_NAME)";
			};
			name = Debug;
		};
		9D47A0EF1C311C3B00DC2AB6 /* Release */ = {
			isa = XCBuildConfiguration;
			buildSettings = {
				ASSETCATALOG_COMPILER_APPICON_NAME = AppIcon;
				INFOPLIST_FILE = "LKDBHelper-SQLCipher/Info.plist";
				LD_RUNPATH_SEARCH_PATHS = "$(inherited) @executable_path/Frameworks";
				PRODUCT_BUNDLE_IDENTIFIER = "TrustAsia.LKDBHelper-SQLCipher";
				PRODUCT_NAME = "$(TARGET_NAME)";
			};
			name = Release;
		};
		9D47A0F11C311C3B00DC2AB6 /* Debug */ = {
			isa = XCBuildConfiguration;
			buildSettings = {
				BUNDLE_LOADER = "$(TEST_HOST)";
				INFOPLIST_FILE = "LKDBHelper-SQLCipherTests/Info.plist";
				LD_RUNPATH_SEARCH_PATHS = "$(inherited) @executable_path/Frameworks @loader_path/Frameworks";
				PRODUCT_BUNDLE_IDENTIFIER = "TrustAsia.LKDBHelper-SQLCipherTests";
				PRODUCT_NAME = "$(TARGET_NAME)";
				TEST_HOST = "$(BUILT_PRODUCTS_DIR)/LKDBHelper-SQLCipher.app/LKDBHelper-SQLCipher";
			};
			name = Debug;
		};
		9D47A0F21C311C3B00DC2AB6 /* Release */ = {
			isa = XCBuildConfiguration;
			buildSettings = {
				BUNDLE_LOADER = "$(TEST_HOST)";
				INFOPLIST_FILE = "LKDBHelper-SQLCipherTests/Info.plist";
				LD_RUNPATH_SEARCH_PATHS = "$(inherited) @executable_path/Frameworks @loader_path/Frameworks";
				PRODUCT_BUNDLE_IDENTIFIER = "TrustAsia.LKDBHelper-SQLCipherTests";
				PRODUCT_NAME = "$(TARGET_NAME)";
				TEST_HOST = "$(BUILT_PRODUCTS_DIR)/LKDBHelper-SQLCipher.app/LKDBHelper-SQLCipher";
			};
			name = Release;
		};
		9D47A0F41C311C3B00DC2AB6 /* Debug */ = {
			isa = XCBuildConfiguration;
			buildSettings = {
				INFOPLIST_FILE = "LKDBHelper-SQLCipherUITests/Info.plist";
				LD_RUNPATH_SEARCH_PATHS = "$(inherited) @executable_path/Frameworks @loader_path/Frameworks";
				PRODUCT_BUNDLE_IDENTIFIER = "TrustAsia.LKDBHelper-SQLCipherUITests";
				PRODUCT_NAME = "$(TARGET_NAME)";
				TEST_TARGET_NAME = "LKDBHelper-SQLCipher";
				USES_XCTRUNNER = YES;
			};
			name = Debug;
		};
		9D47A0F51C311C3B00DC2AB6 /* Release */ = {
			isa = XCBuildConfiguration;
			buildSettings = {
				INFOPLIST_FILE = "LKDBHelper-SQLCipherUITests/Info.plist";
				LD_RUNPATH_SEARCH_PATHS = "$(inherited) @executable_path/Frameworks @loader_path/Frameworks";
				PRODUCT_BUNDLE_IDENTIFIER = "TrustAsia.LKDBHelper-SQLCipherUITests";
				PRODUCT_NAME = "$(TARGET_NAME)";
				TEST_TARGET_NAME = "LKDBHelper-SQLCipher";
				USES_XCTRUNNER = YES;
			};
			name = Release;
		};
/* End XCBuildConfiguration section */

/* Begin XCConfigurationList section */
		9D47A0BB1C311C3B00DC2AB6 /* Build configuration list for PBXProject "LKDBHelper-SQLCipher" */ = {
			isa = XCConfigurationList;
			buildConfigurations = (
				9D47A0EB1C311C3B00DC2AB6 /* Debug */,
				9D47A0EC1C311C3B00DC2AB6 /* Release */,
			);
			defaultConfigurationIsVisible = 0;
			defaultConfigurationName = Release;
		};
		9D47A0ED1C311C3B00DC2AB6 /* Build configuration list for PBXNativeTarget "LKDBHelper-SQLCipher" */ = {
			isa = XCConfigurationList;
			buildConfigurations = (
				9D47A0EE1C311C3B00DC2AB6 /* Debug */,
				9D47A0EF1C311C3B00DC2AB6 /* Release */,
			);
			defaultConfigurationIsVisible = 0;
		};
		9D47A0F01C311C3B00DC2AB6 /* Build configuration list for PBXNativeTarget "LKDBHelper-SQLCipherTests" */ = {
			isa = XCConfigurationList;
			buildConfigurations = (
				9D47A0F11C311C3B00DC2AB6 /* Debug */,
				9D47A0F21C311C3B00DC2AB6 /* Release */,
			);
			defaultConfigurationIsVisible = 0;
		};
		9D47A0F31C311C3B00DC2AB6 /* Build configuration list for PBXNativeTarget "LKDBHelper-SQLCipherUITests" */ = {
			isa = XCConfigurationList;
			buildConfigurations = (
				9D47A0F41C311C3B00DC2AB6 /* Debug */,
				9D47A0F51C311C3B00DC2AB6 /* Release */,
			);
			defaultConfigurationIsVisible = 0;
		};
/* End XCConfigurationList section */
	};
	rootObject = 9D47A0B81C311C3B00DC2AB6 /* Project object */;
}
